
Microsoft Visual Studio Solution File, Format Version 12.00
# Visual Studio Version 16
VisualStudioVersion = 25.0.1703.0
MinimumVisualStudioVersion = 10.0.40219.1
Project("{FAE04EC0-301F-11D3-BF4B-00C04F79EFBC}") = "ElasticArray_net6", "ElasticArray_net6.csproj", "{97F9F79A-FA2E-4C55-96C3-B0D914FB74A0}"
EndProject
Global
	GlobalSection(SolutionConfigurationPlatforms) = preSolution
		Debug|Any CPU = Debug|Any CPU
		Release|Any CPU = Release|Any CPU
	EndGlobalSection
	GlobalSection(ProjectConfigurationPlatforms) = postSolution
		{97F9F79A-FA2E-4C55-96C3-B0D914FB74A0}.Debug|Any CPU.ActiveCfg = Debug|Any CPU
		{97F9F79A-FA2E-4C55-96C3-B0D914FB74A0}.Debug|Any CPU.Build.0 = Debug|Any CPU
		{97F9F79A-FA2E-4C55-96C3-B0D914FB74A0}.Release|Any CPU.ActiveCfg = Release|Any CPU
		{97F9F79A-FA2E-4C55-96C3-B0D914FB74A0}.Release|Any CPU.Build.0 = Release|Any CPU
	EndGlobalSection
	GlobalSection(SolutionProperties) = preSolution
		HideSolutionNode = FALSE
	EndGlobalSection
	GlobalSection(ExtensibilityGlobals) = postSolution
		SolutionGuid = {55264E22-4114-437A-B2A9-52F53B1265FD}
	EndGlobalSection
EndGlobal
